// !$*UTF8*$!
{
	archiveVersion = 1;
	classes = {
	};
	objectVersion = 50;
	objects = {

/* Begin PBXBuildFile section */
		CE1FDE29250D2451004940CE /* TranslationServiceTest.swift in Sources */ = {isa = PBXBuildFile; fileRef = CE1FDE28250D2451004940CE /* TranslationServiceTest.swift */; };
		CE1FDE2B250D247D004940CE /* WeatherServiceTest.swift in Sources */ = {isa = PBXBuildFile; fileRef = CE1FDE2A250D247D004940CE /* WeatherServiceTest.swift */; };
		CE5C8531250E496600E140DD /* HttpEngineTest.swift in Sources */ = {isa = PBXBuildFile; fileRef = CE5C8530250E496600E140DD /* HttpEngineTest.swift */; };
		CE5C8533250E7E3D00E140DD /* Currency.Json in Resources */ = {isa = PBXBuildFile; fileRef = CE5C8532250E7E3D00E140DD /* Currency.Json */; };
		CE5C8535250E7F0700E140DD /* Weather.Json in Resources */ = {isa = PBXBuildFile; fileRef = CE5C8534250E7F0700E140DD /* Weather.Json */; };
		CE65760224CE184300894CE6 /* CurrencyService.swift in Sources */ = {isa = PBXBuildFile; fileRef = CE65760124CE184300894CE6 /* CurrencyService.swift */; };
		CE65760424CE185800894CE6 /* Weaher.swift in Sources */ = {isa = PBXBuildFile; fileRef = CE65760324CE185800894CE6 /* Weaher.swift */; };
		CE65760624CE186E00894CE6 /* TranslateService.swift in Sources */ = {isa = PBXBuildFile; fileRef = CE65760524CE186E00894CE6 /* TranslateService.swift */; };
		CECCF7A524CC51BA00D1ABD0 /* AppDelegate.swift in Sources */ = {isa = PBXBuildFile; fileRef = CECCF7A424CC51BA00D1ABD0 /* AppDelegate.swift */; };
		CECCF7A724CC51BA00D1ABD0 /* SceneDelegate.swift in Sources */ = {isa = PBXBuildFile; fileRef = CECCF7A624CC51BA00D1ABD0 /* SceneDelegate.swift */; };
		CECCF7AC24CC51BA00D1ABD0 /* Main.storyboard in Resources */ = {isa = PBXBuildFile; fileRef = CECCF7AA24CC51BA00D1ABD0 /* Main.storyboard */; };
		CECCF7AE24CC51BE00D1ABD0 /* Assets.xcassets in Resources */ = {isa = PBXBuildFile; fileRef = CECCF7AD24CC51BE00D1ABD0 /* Assets.xcassets */; };
		CECCF7B124CC51BE00D1ABD0 /* LaunchScreen.storyboard in Resources */ = {isa = PBXBuildFile; fileRef = CECCF7AF24CC51BE00D1ABD0 /* LaunchScreen.storyboard */; };
		CECCF7BC24CC51BE00D1ABD0 /* CurrencyServiceTest.swift in Sources */ = {isa = PBXBuildFile; fileRef = CECCF7BB24CC51BE00D1ABD0 /* CurrencyServiceTest.swift */; };
		CECCF7EB24CCA0E600D1ABD0 /* CurrencyViewController.swift in Sources */ = {isa = PBXBuildFile; fileRef = CECCF7E924CCA0E600D1ABD0 /* CurrencyViewController.swift */; };
		CECCF7EF24CCA10500D1ABD0 /* TranslateViewController.swift in Sources */ = {isa = PBXBuildFile; fileRef = CECCF7ED24CCA10500D1ABD0 /* TranslateViewController.swift */; };
		CECCF7F324CCA12200D1ABD0 /* WeatherViewController.swift in Sources */ = {isa = PBXBuildFile; fileRef = CECCF7F124CCA12200D1ABD0 /* WeatherViewController.swift */; };
		CEDBB87624E9AE0A00C3C8FA /* Translate.swift in Sources */ = {isa = PBXBuildFile; fileRef = CEDBB87524E9AE0A00C3C8FA /* Translate.swift */; };
		CEF20B6724F28F8C006B50A7 /* Translation.Json in Resources */ = {isa = PBXBuildFile; fileRef = CEF20B6624F28F8C006B50A7 /* Translation.Json */; };
		CEF20B6924F2DD27006B50A7 /* URLSessionFake.swift in Sources */ = {isa = PBXBuildFile; fileRef = CEF20B6824F2DD27006B50A7 /* URLSessionFake.swift */; };
		CEF20B6B24F2E248006B50A7 /* FackResponseData.swift in Sources */ = {isa = PBXBuildFile; fileRef = CEF20B6A24F2E248006B50A7 /* FackResponseData.swift */; };
		CEF20B6D24F51ECB006B50A7 /* HttpEngine.swift in Sources */ = {isa = PBXBuildFile; fileRef = CEF20B6C24F51ECB006B50A7 /* HttpEngine.swift */; };
		CEF20B6F24F5236E006B50A7 /* Logger.swift in Sources */ = {isa = PBXBuildFile; fileRef = CEF20B6E24F5236E006B50A7 /* Logger.swift */; };
		CEF20B7424F524E8006B50A7 /* HttpClient.swift in Sources */ = {isa = PBXBuildFile; fileRef = CEF20B7324F524E8006B50A7 /* HttpClient.swift */; };
		CEF20B7624F52897006B50A7 /* NetworkError.swift in Sources */ = {isa = PBXBuildFile; fileRef = CEF20B7524F52897006B50A7 /* NetworkError.swift */; };
		CEF91EAC24D2C891004068AC /* UIViewController+Alert.swift in Sources */ = {isa = PBXBuildFile; fileRef = CEF91EAB24D2C891004068AC /* UIViewController+Alert.swift */; };
		CEF91EAE24D2FA6C004068AC /* Currency.swift in Sources */ = {isa = PBXBuildFile; fileRef = CEF91EAD24D2FA6C004068AC /* Currency.swift */; };
		CEF91EB024DAECD5004068AC /* WeatherService.swift in Sources */ = {isa = PBXBuildFile; fileRef = CEF91EAF24DAECD5004068AC /* WeatherService.swift */; };
/* End PBXBuildFile section */

/* Begin PBXContainerItemProxy section */
		CECCF7B824CC51BE00D1ABD0 /* PBXContainerItemProxy */ = {
			isa = PBXContainerItemProxy;
			containerPortal = CECCF79924CC51B900D1ABD0 /* Project object */;
			proxyType = 1;
			remoteGlobalIDString = CECCF7A024CC51BA00D1ABD0;
			remoteInfo = "Le Baluchon";
		};
/* End PBXContainerItemProxy section */

/* Begin PBXFileReference section */
		CE1FDE28250D2451004940CE /* TranslationServiceTest.swift */ = {isa = PBXFileReference; lastKnownFileType = sourcecode.swift; path = TranslationServiceTest.swift; sourceTree = "<group>"; };
		CE1FDE2A250D247D004940CE /* WeatherServiceTest.swift */ = {isa = PBXFileReference; lastKnownFileType = sourcecode.swift; path = WeatherServiceTest.swift; sourceTree = "<group>"; };
		CE5C8530250E496600E140DD /* HttpEngineTest.swift */ = {isa = PBXFileReference; lastKnownFileType = sourcecode.swift; path = HttpEngineTest.swift; sourceTree = "<group>"; };
		CE5C8532250E7E3D00E140DD /* Currency.Json */ = {isa = PBXFileReference; lastKnownFileType = text.json; path = Currency.Json; sourceTree = "<group>"; };
		CE5C8534250E7F0700E140DD /* Weather.Json */ = {isa = PBXFileReference; lastKnownFileType = text.json; path = Weather.Json; sourceTree = "<group>"; };
		CE65760124CE184300894CE6 /* CurrencyService.swift */ = {isa = PBXFileReference; lastKnownFileType = sourcecode.swift; name = CurrencyService.swift; path = "Le Baluchon/Model/Currency/CurrencyService.swift"; sourceTree = SOURCE_ROOT; };
		CE65760324CE185800894CE6 /* Weaher.swift */ = {isa = PBXFileReference; lastKnownFileType = sourcecode.swift; name = Weaher.swift; path = "Le Baluchon/Model/Weather/Weaher.swift"; sourceTree = SOURCE_ROOT; };
		CE65760524CE186E00894CE6 /* TranslateService.swift */ = {isa = PBXFileReference; lastKnownFileType = sourcecode.swift; name = TranslateService.swift; path = "Le Baluchon/Model/Translate/TranslateService.swift"; sourceTree = SOURCE_ROOT; };
		CECCF7A124CC51BA00D1ABD0 /* Le Baluchon.app */ = {isa = PBXFileReference; explicitFileType = wrapper.application; includeInIndex = 0; path = "Le Baluchon.app"; sourceTree = BUILT_PRODUCTS_DIR; };
		CECCF7A424CC51BA00D1ABD0 /* AppDelegate.swift */ = {isa = PBXFileReference; lastKnownFileType = sourcecode.swift; name = AppDelegate.swift; path = "Le Baluchon/Supporting Files/AppDelegate.swift"; sourceTree = SOURCE_ROOT; };
		CECCF7A624CC51BA00D1ABD0 /* SceneDelegate.swift */ = {isa = PBXFileReference; lastKnownFileType = sourcecode.swift; name = SceneDelegate.swift; path = "Le Baluchon/Supporting Files/SceneDelegate.swift"; sourceTree = SOURCE_ROOT; };
		CECCF7AB24CC51BA00D1ABD0 /* Base */ = {isa = PBXFileReference; lastKnownFileType = file.storyboard; name = Base; path = Base.lproj/Main.storyboard; sourceTree = "<group>"; };
		CECCF7AD24CC51BE00D1ABD0 /* Assets.xcassets */ = {isa = PBXFileReference; lastKnownFileType = folder.assetcatalog; path = Assets.xcassets; sourceTree = "<group>"; };
		CECCF7B024CC51BE00D1ABD0 /* Base */ = {isa = PBXFileReference; lastKnownFileType = file.storyboard; name = Base; path = Base.lproj/LaunchScreen.storyboard; sourceTree = "<group>"; };
		CECCF7B224CC51BE00D1ABD0 /* Info.plist */ = {isa = PBXFileReference; lastKnownFileType = text.plist.xml; path = Info.plist; sourceTree = "<group>"; };
		CECCF7B724CC51BE00D1ABD0 /* Le BaluchonTests.xctest */ = {isa = PBXFileReference; explicitFileType = wrapper.cfbundle; includeInIndex = 0; path = "Le BaluchonTests.xctest"; sourceTree = BUILT_PRODUCTS_DIR; };
		CECCF7BB24CC51BE00D1ABD0 /* CurrencyServiceTest.swift */ = {isa = PBXFileReference; lastKnownFileType = sourcecode.swift; path = CurrencyServiceTest.swift; sourceTree = "<group>"; };
		CECCF7BD24CC51BE00D1ABD0 /* Info.plist */ = {isa = PBXFileReference; lastKnownFileType = text.plist.xml; path = Info.plist; sourceTree = "<group>"; };
		CECCF7E924CCA0E600D1ABD0 /* CurrencyViewController.swift */ = {isa = PBXFileReference; lastKnownFileType = sourcecode.swift; name = CurrencyViewController.swift; path = "Le Baluchon/Controller/CurrencyViewController.swift"; sourceTree = SOURCE_ROOT; };
		CECCF7ED24CCA10500D1ABD0 /* TranslateViewController.swift */ = {isa = PBXFileReference; lastKnownFileType = sourcecode.swift; name = TranslateViewController.swift; path = "Le Baluchon/Controller/TranslateViewController.swift"; sourceTree = SOURCE_ROOT; };
		CECCF7F124CCA12200D1ABD0 /* WeatherViewController.swift */ = {isa = PBXFileReference; lastKnownFileType = sourcecode.swift; name = WeatherViewController.swift; path = "Le Baluchon/Controller/WeatherViewController.swift"; sourceTree = SOURCE_ROOT; };
		CEDBB87524E9AE0A00C3C8FA /* Translate.swift */ = {isa = PBXFileReference; lastKnownFileType = sourcecode.swift; path = Translate.swift; sourceTree = "<group>"; };
		CEF20B6624F28F8C006B50A7 /* Translation.Json */ = {isa = PBXFileReference; lastKnownFileType = text.json; path = Translation.Json; sourceTree = "<group>"; };
		CEF20B6824F2DD27006B50A7 /* URLSessionFake.swift */ = {isa = PBXFileReference; lastKnownFileType = sourcecode.swift; path = URLSessionFake.swift; sourceTree = "<group>"; };
		CEF20B6A24F2E248006B50A7 /* FackResponseData.swift */ = {isa = PBXFileReference; lastKnownFileType = sourcecode.swift; path = FackResponseData.swift; sourceTree = "<group>"; };
		CEF20B6C24F51ECB006B50A7 /* HttpEngine.swift */ = {isa = PBXFileReference; lastKnownFileType = sourcecode.swift; path = HttpEngine.swift; sourceTree = "<group>"; };
		CEF20B6E24F5236E006B50A7 /* Logger.swift */ = {isa = PBXFileReference; lastKnownFileType = sourcecode.swift; path = Logger.swift; sourceTree = "<group>"; };
		CEF20B7324F524E8006B50A7 /* HttpClient.swift */ = {isa = PBXFileReference; lastKnownFileType = sourcecode.swift; path = HttpClient.swift; sourceTree = "<group>"; };
		CEF20B7524F52897006B50A7 /* NetworkError.swift */ = {isa = PBXFileReference; lastKnownFileType = sourcecode.swift; path = NetworkError.swift; sourceTree = "<group>"; };
		CEF91EAB24D2C891004068AC /* UIViewController+Alert.swift */ = {isa = PBXFileReference; lastKnownFileType = sourcecode.swift; path = "UIViewController+Alert.swift"; sourceTree = "<group>"; };
		CEF91EAD24D2FA6C004068AC /* Currency.swift */ = {isa = PBXFileReference; lastKnownFileType = sourcecode.swift; path = Currency.swift; sourceTree = "<group>"; };
		CEF91EAF24DAECD5004068AC /* WeatherService.swift */ = {isa = PBXFileReference; lastKnownFileType = sourcecode.swift; path = WeatherService.swift; sourceTree = "<group>"; };
/* End PBXFileReference section */

/* Begin PBXFrameworksBuildPhase section */
		CECCF79E24CC51BA00D1ABD0 /* Frameworks */ = {
			isa = PBXFrameworksBuildPhase;
			buildActionMask = 2147483647;
			files = (
			);
			runOnlyForDeploymentPostprocessing = 0;
		};
		CECCF7B424CC51BE00D1ABD0 /* Frameworks */ = {
			isa = PBXFrameworksBuildPhase;
			buildActionMask = 2147483647;
			files = (
			);
			runOnlyForDeploymentPostprocessing = 0;
		};
/* End PBXFrameworksBuildPhase section */

/* Begin PBXGroup section */
		CE5C8536250E7FB100E140DD /* CurrencyTest */ = {
			isa = PBXGroup;
			children = (
				CECCF7BB24CC51BE00D1ABD0 /* CurrencyServiceTest.swift */,
				CE5C8532250E7E3D00E140DD /* Currency.Json */,
			);
			path = CurrencyTest;
			sourceTree = "<group>";
		};
		CE5C8537250E7FC600E140DD /* WeatherTest */ = {
			isa = PBXGroup;
			children = (
				CE1FDE2A250D247D004940CE /* WeatherServiceTest.swift */,
				CE5C8534250E7F0700E140DD /* Weather.Json */,
			);
			path = WeatherTest;
			sourceTree = "<group>";
		};
		CE5C8538250E7FD800E140DD /* TranslationTest */ = {
			isa = PBXGroup;
			children = (
				CE1FDE28250D2451004940CE /* TranslationServiceTest.swift */,
				CEF20B6624F28F8C006B50A7 /* Translation.Json */,
			);
			path = TranslationTest;
			sourceTree = "<group>";
		};
		CE65760024CE182300894CE6 /* Model */ = {
			isa = PBXGroup;
			children = (
				CEF20B7024F52383006B50A7 /* Currency */,
				CEF20B7124F52397006B50A7 /* Weather */,
				CEF20B7224F523A7006B50A7 /* Translate */,
				CEF20B6C24F51ECB006B50A7 /* HttpEngine.swift */,
				CEF20B7324F524E8006B50A7 /* HttpClient.swift */,
				CEF20B6E24F5236E006B50A7 /* Logger.swift */,
				CEF20B7524F52897006B50A7 /* NetworkError.swift */,
			);
			path = Model;
			sourceTree = "<group>";
		};
		CE65760724CE18D400894CE6 /* Supporting Files */ = {
			isa = PBXGroup;
			children = (
				CECCF7A624CC51BA00D1ABD0 /* SceneDelegate.swift */,
				CECCF7A424CC51BA00D1ABD0 /* AppDelegate.swift */,
			);
			path = "Supporting Files";
			sourceTree = "<group>";
		};
		CECCF79824CC51B900D1ABD0 = {
			isa = PBXGroup;
			children = (
				CECCF7A324CC51BA00D1ABD0 /* Le Baluchon */,
				CECCF7BA24CC51BE00D1ABD0 /* Le BaluchonTests */,
				CECCF7A224CC51BA00D1ABD0 /* Products */,
			);
			sourceTree = "<group>";
		};
		CECCF7A224CC51BA00D1ABD0 /* Products */ = {
			isa = PBXGroup;
			children = (
				CECCF7A124CC51BA00D1ABD0 /* Le Baluchon.app */,
				CECCF7B724CC51BE00D1ABD0 /* Le BaluchonTests.xctest */,
			);
			name = Products;
			sourceTree = "<group>";
		};
		CECCF7A324CC51BA00D1ABD0 /* Le Baluchon */ = {
			isa = PBXGroup;
			children = (
				CEF91EAA24D2C856004068AC /* Extensions */,
				CE65760024CE182300894CE6 /* Model */,
				CECCF7C624CC6F5400D1ABD0 /* Controller */,
				CE65760724CE18D400894CE6 /* Supporting Files */,
				CECCF7AA24CC51BA00D1ABD0 /* Main.storyboard */,
				CECCF7AD24CC51BE00D1ABD0 /* Assets.xcassets */,
				CECCF7AF24CC51BE00D1ABD0 /* LaunchScreen.storyboard */,
				CECCF7B224CC51BE00D1ABD0 /* Info.plist */,
			);
			path = "Le Baluchon";
			sourceTree = "<group>";
		};
		CECCF7BA24CC51BE00D1ABD0 /* Le BaluchonTests */ = {
			isa = PBXGroup;
			children = (
				CEF20B6824F2DD27006B50A7 /* URLSessionFake.swift */,
				CEF20B6A24F2E248006B50A7 /* FackResponseData.swift */,
				CE5C8530250E496600E140DD /* HttpEngineTest.swift */,
				CE5C8536250E7FB100E140DD /* CurrencyTest */,
				CE5C8537250E7FC600E140DD /* WeatherTest */,
				CE5C8538250E7FD800E140DD /* TranslationTest */,
				CECCF7BD24CC51BE00D1ABD0 /* Info.plist */,
			);
			path = "Le BaluchonTests";
			sourceTree = "<group>";
		};
		CECCF7C624CC6F5400D1ABD0 /* Controller */ = {
			isa = PBXGroup;
			children = (
				CECCF7E924CCA0E600D1ABD0 /* CurrencyViewController.swift */,
				CECCF7F124CCA12200D1ABD0 /* WeatherViewController.swift */,
				CECCF7ED24CCA10500D1ABD0 /* TranslateViewController.swift */,
			);
			path = Controller;
			sourceTree = "<group>";
		};
		CEF20B7024F52383006B50A7 /* Currency */ = {
			isa = PBXGroup;
			children = (
				CEF91EAD24D2FA6C004068AC /* Currency.swift */,
				CE65760124CE184300894CE6 /* CurrencyService.swift */,
			);
			path = Currency;
			sourceTree = "<group>";
		};
		CEF20B7124F52397006B50A7 /* Weather */ = {
			isa = PBXGroup;
			children = (
				CEF91EAF24DAECD5004068AC /* WeatherService.swift */,
				CE65760324CE185800894CE6 /* Weaher.swift */,
			);
			path = Weather;
			sourceTree = "<group>";
		};
		CEF20B7224F523A7006B50A7 /* Translate */ = {
			isa = PBXGroup;
			children = (
				CE65760524CE186E00894CE6 /* TranslateService.swift */,
				CEDBB87524E9AE0A00C3C8FA /* Translate.swift */,
			);
			path = Translate;
			sourceTree = "<group>";
		};
		CEF91EAA24D2C856004068AC /* Extensions */ = {
			isa = PBXGroup;
			children = (
				CEF91EAB24D2C891004068AC /* UIViewController+Alert.swift */,
			);
			path = Extensions;
			sourceTree = "<group>";
		};
/* End PBXGroup section */

/* Begin PBXNativeTarget section */
		CECCF7A024CC51BA00D1ABD0 /* Le Baluchon */ = {
			isa = PBXNativeTarget;
			buildConfigurationList = CECCF7C024CC51BE00D1ABD0 /* Build configuration list for PBXNativeTarget "Le Baluchon" */;
			buildPhases = (
				CECCF79D24CC51BA00D1ABD0 /* Sources */,
				CECCF79E24CC51BA00D1ABD0 /* Frameworks */,
				CECCF79F24CC51BA00D1ABD0 /* Resources */,
			);
			buildRules = (
			);
			dependencies = (
			);
			name = "Le Baluchon";
			productName = "Le Baluchon";
			productReference = CECCF7A124CC51BA00D1ABD0 /* Le Baluchon.app */;
			productType = "com.apple.product-type.application";
		};
		CECCF7B624CC51BE00D1ABD0 /* Le BaluchonTests */ = {
			isa = PBXNativeTarget;
			buildConfigurationList = CECCF7C324CC51BE00D1ABD0 /* Build configuration list for PBXNativeTarget "Le BaluchonTests" */;
			buildPhases = (
				CECCF7B324CC51BE00D1ABD0 /* Sources */,
				CECCF7B424CC51BE00D1ABD0 /* Frameworks */,
				CECCF7B524CC51BE00D1ABD0 /* Resources */,
			);
			buildRules = (
			);
			dependencies = (
				CECCF7B924CC51BE00D1ABD0 /* PBXTargetDependency */,
			);
			name = "Le BaluchonTests";
			productName = "Le BaluchonTests";
			productReference = CECCF7B724CC51BE00D1ABD0 /* Le BaluchonTests.xctest */;
			productType = "com.apple.product-type.bundle.unit-test";
		};
/* End PBXNativeTarget section */

/* Begin PBXProject section */
		CECCF79924CC51B900D1ABD0 /* Project object */ = {
			isa = PBXProject;
			attributes = {
				LastSwiftUpdateCheck = 1140;
				LastUpgradeCheck = 1140;
				ORGANIZATIONNAME = "Adam Mabrouki";
				TargetAttributes = {
					CECCF7A024CC51BA00D1ABD0 = {
						CreatedOnToolsVersion = 11.4.1;
					};
					CECCF7B624CC51BE00D1ABD0 = {
						CreatedOnToolsVersion = 11.4.1;
						TestTargetID = CECCF7A024CC51BA00D1ABD0;
					};
				};
			};
			buildConfigurationList = CECCF79C24CC51B900D1ABD0 /* Build configuration list for PBXProject "Le Baluchon" */;
			compatibilityVersion = "Xcode 9.3";
			developmentRegion = en;
			hasScannedForEncodings = 0;
			knownRegions = (
				en,
				Base,
			);
			mainGroup = CECCF79824CC51B900D1ABD0;
			productRefGroup = CECCF7A224CC51BA00D1ABD0 /* Products */;
			projectDirPath = "";
			projectRoot = "";
			targets = (
				CECCF7A024CC51BA00D1ABD0 /* Le Baluchon */,
				CECCF7B624CC51BE00D1ABD0 /* Le BaluchonTests */,
			);
		};
/* End PBXProject section */

/* Begin PBXResourcesBuildPhase section */
		CECCF79F24CC51BA00D1ABD0 /* Resources */ = {
			isa = PBXResourcesBuildPhase;
			buildActionMask = 2147483647;
			files = (
				CECCF7B124CC51BE00D1ABD0 /* LaunchScreen.storyboard in Resources */,
				CECCF7AE24CC51BE00D1ABD0 /* Assets.xcassets in Resources */,
				CECCF7AC24CC51BA00D1ABD0 /* Main.storyboard in Resources */,
			);
			runOnlyForDeploymentPostprocessing = 0;
		};
		CECCF7B524CC51BE00D1ABD0 /* Resources */ = {
			isa = PBXResourcesBuildPhase;
			buildActionMask = 2147483647;
			files = (
				CE5C8533250E7E3D00E140DD /* Currency.Json in Resources */,
				CEF20B6724F28F8C006B50A7 /* Translation.Json in Resources */,
				CE5C8535250E7F0700E140DD /* Weather.Json in Resources */,
			);
			runOnlyForDeploymentPostprocessing = 0;
		};
/* End PBXResourcesBuildPhase section */

/* Begin PBXSourcesBuildPhase section */
		CECCF79D24CC51BA00D1ABD0 /* Sources */ = {
			isa = PBXSourcesBuildPhase;
			buildActionMask = 2147483647;
			files = (
				CEF91EB024DAECD5004068AC /* WeatherService.swift in Sources */,
				CEF20B7624F52897006B50A7 /* NetworkError.swift in Sources */,
				CE65760424CE185800894CE6 /* Weaher.swift in Sources */,
				CECCF7F324CCA12200D1ABD0 /* WeatherViewController.swift in Sources */,
				CECCF7EB24CCA0E600D1ABD0 /* CurrencyViewController.swift in Sources */,
				CE65760624CE186E00894CE6 /* TranslateService.swift in Sources */,
				CEF91EAC24D2C891004068AC /* UIViewController+Alert.swift in Sources */,
				CEF91EAE24D2FA6C004068AC /* Currency.swift in Sources */,
				CEF20B6D24F51ECB006B50A7 /* HttpEngine.swift in Sources */,
				CECCF7A524CC51BA00D1ABD0 /* AppDelegate.swift in Sources */,
				CEDBB87624E9AE0A00C3C8FA /* Translate.swift in Sources */,
				CEF20B7424F524E8006B50A7 /* HttpClient.swift in Sources */,
				CECCF7A724CC51BA00D1ABD0 /* SceneDelegate.swift in Sources */,
				CEF20B6F24F5236E006B50A7 /* Logger.swift in Sources */,
				CE65760224CE184300894CE6 /* CurrencyService.swift in Sources */,
				CECCF7EF24CCA10500D1ABD0 /* TranslateViewController.swift in Sources */,
			);
			runOnlyForDeploymentPostprocessing = 0;
		};
		CECCF7B324CC51BE00D1ABD0 /* Sources */ = {
			isa = PBXSourcesBuildPhase;
			buildActionMask = 2147483647;
			files = (
				CE1FDE2B250D247D004940CE /* WeatherServiceTest.swift in Sources */,
				CEF20B6B24F2E248006B50A7 /* FackResponseData.swift in Sources */,
				CE1FDE29250D2451004940CE /* TranslationServiceTest.swift in Sources */,
				CE5C8531250E496600E140DD /* HttpEngineTest.swift in Sources */,
				CECCF7BC24CC51BE00D1ABD0 /* CurrencyServiceTest.swift in Sources */,
				CEF20B6924F2DD27006B50A7 /* URLSessionFake.swift in Sources */,
			);
			runOnlyForDeploymentPostprocessing = 0;
		};
/* End PBXSourcesBuildPhase section */

/* Begin PBXTargetDependency section */
		CECCF7B924CC51BE00D1ABD0 /* PBXTargetDependency */ = {
			isa = PBXTargetDependency;
			target = CECCF7A024CC51BA00D1ABD0 /* Le Baluchon */;
			targetProxy = CECCF7B824CC51BE00D1ABD0 /* PBXContainerItemProxy */;
		};
/* End PBXTargetDependency section */

/* Begin PBXVariantGroup section */
		CECCF7AA24CC51BA00D1ABD0 /* Main.storyboard */ = {
			isa = PBXVariantGroup;
			children = (
				CECCF7AB24CC51BA00D1ABD0 /* Base */,
			);
			name = Main.storyboard;
			path = "Le Baluchon";
			sourceTree = SOURCE_ROOT;
		};
		CECCF7AF24CC51BE00D1ABD0 /* LaunchScreen.storyboard */ = {
			isa = PBXVariantGroup;
			children = (
				CECCF7B024CC51BE00D1ABD0 /* Base */,
			);
			name = LaunchScreen.storyboard;
			sourceTree = "<group>";
		};
/* End PBXVariantGroup section */

/* Begin XCBuildConfiguration section */
		CECCF7BE24CC51BE00D1ABD0 /* Debug */ = {
			isa = XCBuildConfiguration;
			buildSettings = {
				ALWAYS_SEARCH_USER_PATHS = NO;
				CLANG_ANALYZER_NONNULL = YES;
				CLANG_ANALYZER_NUMBER_OBJECT_CONVERSION = YES_AGGRESSIVE;
				CLANG_CXX_LANGUAGE_STANDARD = "gnu++14";
				CLANG_CXX_LIBRARY = "libc++";
				CLANG_ENABLE_MODULES = YES;
				CLANG_ENABLE_OBJC_ARC = YES;
				CLANG_ENABLE_OBJC_WEAK = YES;
				CLANG_WARN_BLOCK_CAPTURE_AUTORELEASING = YES;
				CLANG_WARN_BOOL_CONVERSION = YES;
				CLANG_WARN_COMMA = YES;
				CLANG_WARN_CONSTANT_CONVERSION = YES;
				CLANG_WARN_DEPRECATED_OBJC_IMPLEMENTATIONS = YES;
				CLANG_WARN_DIRECT_OBJC_ISA_USAGE = YES_ERROR;
				CLANG_WARN_DOCUMENTATION_COMMENTS = YES;
				CLANG_WARN_EMPTY_BODY = YES;
				CLANG_WARN_ENUM_CONVERSION = YES;
				CLANG_WARN_INFINITE_RECURSION = YES;
				CLANG_WARN_INT_CONVERSION = YES;
				CLANG_WARN_NON_LITERAL_NULL_CONVERSION = YES;
				CLANG_WARN_OBJC_IMPLICIT_RETAIN_SELF = YES;
				CLANG_WARN_OBJC_LITERAL_CONVERSION = YES;
				CLANG_WARN_OBJC_ROOT_CLASS = YES_ERROR;
				CLANG_WARN_RANGE_LOOP_ANALYSIS = YES;
				CLANG_WARN_STRICT_PROTOTYPES = YES;
				CLANG_WARN_SUSPICIOUS_MOVE = YES;
				CLANG_WARN_UNGUARDED_AVAILABILITY = YES_AGGRESSIVE;
				CLANG_WARN_UNREACHABLE_CODE = YES;
				CLANG_WARN__DUPLICATE_METHOD_MATCH = YES;
				COPY_PHASE_STRIP = NO;
				DEBUG_INFORMATION_FORMAT = dwarf;
				ENABLE_STRICT_OBJC_MSGSEND = YES;
				ENABLE_TESTABILITY = YES;
				GCC_C_LANGUAGE_STANDARD = gnu11;
				GCC_DYNAMIC_NO_PIC = NO;
				GCC_NO_COMMON_BLOCKS = YES;
				GCC_OPTIMIZATION_LEVEL = 0;
				GCC_PREPROCESSOR_DEFINITIONS = (
					"DEBUG=1",
					"$(inherited)",
				);
				GCC_WARN_64_TO_32_BIT_CONVERSION = YES;
				GCC_WARN_ABOUT_RETURN_TYPE = YES_ERROR;
				GCC_WARN_UNDECLARED_SELECTOR = YES;
				GCC_WARN_UNINITIALIZED_AUTOS = YES_AGGRESSIVE;
				GCC_WARN_UNUSED_FUNCTION = YES;
				GCC_WARN_UNUSED_VARIABLE = YES;
				IPHONEOS_DEPLOYMENT_TARGET = 11.0;
				MTL_ENABLE_DEBUG_INFO = INCLUDE_SOURCE;
				MTL_FAST_MATH = YES;
				ONLY_ACTIVE_ARCH = YES;
				SDKROOT = iphoneos;
				SWIFT_ACTIVE_COMPILATION_CONDITIONS = DEBUG;
				SWIFT_OPTIMIZATION_LEVEL = "-Onone";
			};
			name = Debug;
		};
		CECCF7BF24CC51BE00D1ABD0 /* Release */ = {
			isa = XCBuildConfiguration;
			buildSettings = {
				ALWAYS_SEARCH_USER_PATHS = NO;
				CLANG_ANALYZER_NONNULL = YES;
				CLANG_ANALYZER_NUMBER_OBJECT_CONVERSION = YES_AGGRESSIVE;
				CLANG_CXX_LANGUAGE_STANDARD = "gnu++14";
				CLANG_CXX_LIBRARY = "libc++";
				CLANG_ENABLE_MODULES = YES;
				CLANG_ENABLE_OBJC_ARC = YES;
				CLANG_ENABLE_OBJC_WEAK = YES;
				CLANG_WARN_BLOCK_CAPTURE_AUTORELEASING = YES;
				CLANG_WARN_BOOL_CONVERSION = YES;
				CLANG_WARN_COMMA = YES;
				CLANG_WARN_CONSTANT_CONVERSION = YES;
				CLANG_WARN_DEPRECATED_OBJC_IMPLEMENTATIONS = YES;
				CLANG_WARN_DIRECT_OBJC_ISA_USAGE = YES_ERROR;
				CLANG_WARN_DOCUMENTATION_COMMENTS = YES;
				CLANG_WARN_EMPTY_BODY = YES;
				CLANG_WARN_ENUM_CONVERSION = YES;
				CLANG_WARN_INFINITE_RECURSION = YES;
				CLANG_WARN_INT_CONVERSION = YES;
				CLANG_WARN_NON_LITERAL_NULL_CONVERSION = YES;
				CLANG_WARN_OBJC_IMPLICIT_RETAIN_SELF = YES;
				CLANG_WARN_OBJC_LITERAL_CONVERSION = YES;
				CLANG_WARN_OBJC_ROOT_CLASS = YES_ERROR;
				CLANG_WARN_RANGE_LOOP_ANALYSIS = YES;
				CLANG_WARN_STRICT_PROTOTYPES = YES;
				CLANG_WARN_SUSPICIOUS_MOVE = YES;
				CLANG_WARN_UNGUARDED_AVAILABILITY = YES_AGGRESSIVE;
				CLANG_WARN_UNREACHABLE_CODE = YES;
				CLANG_WARN__DUPLICATE_METHOD_MATCH = YES;
				COPY_PHASE_STRIP = NO;
				DEBUG_INFORMATION_FORMAT = "dwarf-with-dsym";
				ENABLE_NS_ASSERTIONS = NO;
				ENABLE_STRICT_OBJC_MSGSEND = YES;
				GCC_C_LANGUAGE_STANDARD = gnu11;
				GCC_NO_COMMON_BLOCKS = YES;
				GCC_WARN_64_TO_32_BIT_CONVERSION = YES;
				GCC_WARN_ABOUT_RETURN_TYPE = YES_ERROR;
				GCC_WARN_UNDECLARED_SELECTOR = YES;
				GCC_WARN_UNINITIALIZED_AUTOS = YES_AGGRESSIVE;
				GCC_WARN_UNUSED_FUNCTION = YES;
				GCC_WARN_UNUSED_VARIABLE = YES;
				IPHONEOS_DEPLOYMENT_TARGET = 11.0;
				MTL_ENABLE_DEBUG_INFO = NO;
				MTL_FAST_MATH = YES;
				SDKROOT = iphoneos;
				SWIFT_COMPILATION_MODE = wholemodule;
				SWIFT_OPTIMIZATION_LEVEL = "-O";
				VALIDATE_PRODUCT = YES;
			};
			name = Release;
		};
		CECCF7C124CC51BE00D1ABD0 /* Debug */ = {
			isa = XCBuildConfiguration;
			buildSettings = {
				ASSETCATALOG_COMPILER_APPICON_NAME = AppIcon;
				CODE_SIGN_STYLE = Automatic;
				DEVELOPMENT_TEAM = 3NYLP3F6GN;
				INFOPLIST_FILE = "Le Baluchon/Info.plist";
				IPHONEOS_DEPLOYMENT_TARGET = 11.0;
				LD_RUNPATH_SEARCH_PATHS = (
					"$(inherited)",
					"@executable_path/Frameworks",
				);
				PRODUCT_BUNDLE_IDENTIFIER = "com.adammab.Le-Baluchon";
				PRODUCT_NAME = "$(TARGET_NAME)";
				SWIFT_VERSION = 5.0;
				TARGETED_DEVICE_FAMILY = "1,2";
			};
			name = Debug;
		};
		CECCF7C224CC51BE00D1ABD0 /* Release */ = {
			isa = XCBuildConfiguration;
			buildSettings = {
				ASSETCATALOG_COMPILER_APPICON_NAME = AppIcon;
				CODE_SIGN_STYLE = Automatic;
				DEVELOPMENT_TEAM = 3NYLP3F6GN;
				INFOPLIST_FILE = "Le Baluchon/Info.plist";
				IPHONEOS_DEPLOYMENT_TARGET = 11.0;
				LD_RUNPATH_SEARCH_PATHS = (
					"$(inherited)",
					"@executable_path/Frameworks",
				);
				PRODUCT_BUNDLE_IDENTIFIER = "com.adammab.Le-Baluchon";
				PRODUCT_NAME = "$(TARGET_NAME)";
				SWIFT_VERSION = 5.0;
				TARGETED_DEVICE_FAMILY = "1,2";
			};
			name = Release;
		};
		CECCF7C424CC51BE00D1ABD0 /* Debug */ = {
			isa = XCBuildConfiguration;
			buildSettings = {
				ALWAYS_EMBED_SWIFT_STANDARD_LIBRARIES = YES;
				BUNDLE_LOADER = "$(TEST_HOST)";
				CODE_SIGN_STYLE = Automatic;
				DEVELOPMENT_TEAM = 3NYLP3F6GN;
				INFOPLIST_FILE = "Le BaluchonTests/Info.plist";
				IPHONEOS_DEPLOYMENT_TARGET = 11.0;
				LD_RUNPATH_SEARCH_PATHS = (
					"$(inherited)",
					"@executable_path/Frameworks",
					"@loader_path/Frameworks",
				);
				PRODUCT_BUNDLE_IDENTIFIER = "com.adammab.Le-BaluchonTests";
				PRODUCT_NAME = "$(TARGET_NAME)";
				SWIFT_VERSION = 5.0;
				TARGETED_DEVICE_FAMILY = "1,2";
				TEST_HOST = "$(BUILT_PRODUCTS_DIR)/Le Baluchon.app/Le Baluchon";
			};
			name = Debug;
		};
		CECCF7C524CC51BE00D1ABD0 /* Release */ = {
			isa = XCBuildConfiguration;
			buildSettings = {
				ALWAYS_EMBED_SWIFT_STANDARD_LIBRARIES = YES;
				BUNDLE_LOADER = "$(TEST_HOST)";
				CODE_SIGN_STYLE = Automatic;
				DEVELOPMENT_TEAM = 3NYLP3F6GN;
				INFOPLIST_FILE = "Le BaluchonTests/Info.plist";
				IPHONEOS_DEPLOYMENT_TARGET = 11.0;
				LD_RUNPATH_SEARCH_PATHS = (
					"$(inherited)",
					"@executable_path/Frameworks",
					"@loader_path/Frameworks",
				);
				PRODUCT_BUNDLE_IDENTIFIER = "com.adammab.Le-BaluchonTests";
				PRODUCT_NAME = "$(TARGET_NAME)";
				SWIFT_VERSION = 5.0;
				TARGETED_DEVICE_FAMILY = "1,2";
				TEST_HOST = "$(BUILT_PRODUCTS_DIR)/Le Baluchon.app/Le Baluchon";
			};
			name = Release;
		};
/* End XCBuildConfiguration section */

/* Begin XCConfigurationList section */
		CECCF79C24CC51B900D1ABD0 /* Build configuration list for PBXProject "Le Baluchon" */ = {
			isa = XCConfigurationList;
			buildConfigurations = (
				CECCF7BE24CC51BE00D1ABD0 /* Debug */,
				CECCF7BF24CC51BE00D1ABD0 /* Release */,
			);
			defaultConfigurationIsVisible = 0;
			defaultConfigurationName = Release;
		};
		CECCF7C024CC51BE00D1ABD0 /* Build configuration list for PBXNativeTarget "Le Baluchon" */ = {
			isa = XCConfigurationList;
			buildConfigurations = (
				CECCF7C124CC51BE00D1ABD0 /* Debug */,
				CECCF7C224CC51BE00D1ABD0 /* Release */,
			);
			defaultConfigurationIsVisible = 0;
			defaultConfigurationName = Release;
		};
		CECCF7C324CC51BE00D1ABD0 /* Build configuration list for PBXNativeTarget "Le BaluchonTests" */ = {
			isa = XCConfigurationList;
			buildConfigurations = (
				CECCF7C424CC51BE00D1ABD0 /* Debug */,
				CECCF7C524CC51BE00D1ABD0 /* Release */,
			);
			defaultConfigurationIsVisible = 0;
			defaultConfigurationName = Release;
		};
/* End XCConfigurationList section */
	};
	rootObject = CECCF79924CC51B900D1ABD0 /* Project object */;
}
